
Microsoft Visual Studio Solution File, Format Version 12.00
# Visual Studio 2012
Project("{FAE04EC0-301F-11D3-BF4B-00C04F79EFBC}") = "RugbyManager2017", "RugbyManager2017\RugbyManager2017.csproj", "{77614140-23CD-42F6-87FE-80F4D6C0C888}"
EndProject
Global
	GlobalSection(SolutionConfigurationPlatforms) = preSolution
		Debug|Any CPU = Debug|Any CPU
		Release|Any CPU = Release|Any CPU
	EndGlobalSection
	GlobalSection(ProjectConfigurationPlatforms) = postSolution
		{77614140-23CD-42F6-87FE-80F4D6C0C888}.Debug|Any CPU.ActiveCfg = Debug|Any CPU
		{77614140-23CD-42F6-87FE-80F4D6C0C888}.Debug|Any CPU.Build.0 = Debug|Any CPU
		{77614140-23CD-42F6-87FE-80F4D6C0C888}.Release|Any CPU.ActiveCfg = Release|Any CPU
		{77614140-23CD-42F6-87FE-80F4D6C0C888}.Release|Any CPU.Build.0 = Release|Any CPU
	EndGlobalSection
EndGlobal
